
Microsoft Visual Studio Solution File, Format Version 12.00
# Visual Studio 15
VisualStudioVersion = 15.0.26711.1
MinimumVisualStudioVersion = 10.0.40219.1
Project("{9A19103F-16F7-4668-BE54-9A1E7A4F7556}") = "JeremyTCD.DotNetCore.ProjectRunner", "src\ProjectRunner\JeremyTCD.DotNetCore.ProjectRunner.csproj", "{57680205-C123-4751-A942-CFE3B898BF13}"
EndProject
Project("{2150E333-8FDC-42A3-9474-1A3956D46DE8}") = "src", "src", "{3967C76E-CDAA-44C6-9112-4BF6ED671E77}"
EndProject
Project("{2150E333-8FDC-42A3-9474-1A3956D46DE8}") = "test", "test", "{81A6273C-34C7-4316-B39E-B4ED960EA2EA}"
EndProject
Project("{9A19103F-16F7-4668-BE54-9A1E7A4F7556}") = "JeremyTCD.DotNetCore.ProjectRunner.Tests", "test\ProjectRunner\JeremyTCD.DotNetCore.ProjectRunner.Tests.csproj", "{DD95B409-4DB0-4C68-ABC5-B01203554DA6}"
EndProject
Project("{9A19103F-16F7-4668-BE54-9A1E7A4F7556}") = "JeremyTCD.DotNetCore.Utils", "..\JeremyTCD.DotNetCore.Utils\src\JeremyTCD.DotNetCore.Utils\JeremyTCD.DotNetCore.Utils.csproj", "{3B068C80-B4A4-4CC2-B556-C5B0E31CDC4B}"
EndProject
Project("{2150E333-8FDC-42A3-9474-1A3956D46DE8}") = "Solution Items", "Solution Items", "{BE42A817-5AAF-4658-ABE4-CDB7D3EB7A55}"
	ProjectSection(SolutionItems) = preProject
		.gitattributes = .gitattributes
		.gitignore = .gitignore
		ReadMe.md = ReadMe.md
		ThingsToDo.md = ThingsToDo.md
	EndProjectSection
EndProject
Project("{9A19103F-16F7-4668-BE54-9A1E7A4F7556}") = "StubProject.NewerFramework", "test\StubProject.NewerFramework\StubProject.NewerFramework.csproj", "{749F9088-9601-48B4-B6FD-A6FE974BCFAD}"
EndProject
Project("{9A19103F-16F7-4668-BE54-9A1E7A4F7556}") = "StubProject.Referencer", "test\StubProject.Referencer\StubProject.Referencer.csproj", "{94C35DEA-B7F2-40C9-BAF4-53885302F50C}"
EndProject
Project("{9A19103F-16F7-4668-BE54-9A1E7A4F7556}") = "StubProject.Referencee", "test\StubProject.Referencee\StubProject.Referencee.csproj", "{1161D622-DBE7-40B9-B8D1-A5BC75D1D059}"
EndProject
Project("{FAE04EC0-301F-11D3-BF4B-00C04F79EFBC}") = "StubProject.OlderFramework", "test\StubProject.OlderFramework\StubProject.OlderFramework.csproj", "{A25EA571-C4DC-4AD1-B794-9DAA58AFC0FF}"
EndProject
Global
	GlobalSection(SolutionConfigurationPlatforms) = preSolution
		Debug|Any CPU = Debug|Any CPU
		Release|Any CPU = Release|Any CPU
	EndGlobalSection
	GlobalSection(ProjectConfigurationPlatforms) = postSolution
		{57680205-C123-4751-A942-CFE3B898BF13}.Debug|Any CPU.ActiveCfg = Debug|Any CPU
		{57680205-C123-4751-A942-CFE3B898BF13}.Debug|Any CPU.Build.0 = Debug|Any CPU
		{57680205-C123-4751-A942-CFE3B898BF13}.Release|Any CPU.ActiveCfg = Release|Any CPU
		{57680205-C123-4751-A942-CFE3B898BF13}.Release|Any CPU.Build.0 = Release|Any CPU
		{DD95B409-4DB0-4C68-ABC5-B01203554DA6}.Debug|Any CPU.ActiveCfg = Debug|Any CPU
		{DD95B409-4DB0-4C68-ABC5-B01203554DA6}.Debug|Any CPU.Build.0 = Debug|Any CPU
		{DD95B409-4DB0-4C68-ABC5-B01203554DA6}.Release|Any CPU.ActiveCfg = Release|Any CPU
		{DD95B409-4DB0-4C68-ABC5-B01203554DA6}.Release|Any CPU.Build.0 = Release|Any CPU
		{3B068C80-B4A4-4CC2-B556-C5B0E31CDC4B}.Debug|Any CPU.ActiveCfg = Debug|Any CPU
		{3B068C80-B4A4-4CC2-B556-C5B0E31CDC4B}.Debug|Any CPU.Build.0 = Debug|Any CPU
		{3B068C80-B4A4-4CC2-B556-C5B0E31CDC4B}.Release|Any CPU.ActiveCfg = Release|Any CPU
		{3B068C80-B4A4-4CC2-B556-C5B0E31CDC4B}.Release|Any CPU.Build.0 = Release|Any CPU
		{749F9088-9601-48B4-B6FD-A6FE974BCFAD}.Debug|Any CPU.ActiveCfg = Debug|Any CPU
		{749F9088-9601-48B4-B6FD-A6FE974BCFAD}.Debug|Any CPU.Build.0 = Debug|Any CPU
		{749F9088-9601-48B4-B6FD-A6FE974BCFAD}.Release|Any CPU.ActiveCfg = Release|Any CPU
		{749F9088-9601-48B4-B6FD-A6FE974BCFAD}.Release|Any CPU.Build.0 = Release|Any CPU
		{94C35DEA-B7F2-40C9-BAF4-53885302F50C}.Debug|Any CPU.ActiveCfg = Debug|Any CPU
		{94C35DEA-B7F2-40C9-BAF4-53885302F50C}.Debug|Any CPU.Build.0 = Debug|Any CPU
		{94C35DEA-B7F2-40C9-BAF4-53885302F50C}.Release|Any CPU.ActiveCfg = Release|Any CPU
		{94C35DEA-B7F2-40C9-BAF4-53885302F50C}.Release|Any CPU.Build.0 = Release|Any CPU
		{1161D622-DBE7-40B9-B8D1-A5BC75D1D059}.Debug|Any CPU.ActiveCfg = Debug|Any CPU
		{1161D622-DBE7-40B9-B8D1-A5BC75D1D059}.Debug|Any CPU.Build.0 = Debug|Any CPU
		{1161D622-DBE7-40B9-B8D1-A5BC75D1D059}.Release|Any CPU.ActiveCfg = Release|Any CPU
		{1161D622-DBE7-40B9-B8D1-A5BC75D1D059}.Release|Any CPU.Build.0 = Release|Any CPU
		{A25EA571-C4DC-4AD1-B794-9DAA58AFC0FF}.Debug|Any CPU.ActiveCfg = Debug|Any CPU
		{A25EA571-C4DC-4AD1-B794-9DAA58AFC0FF}.Debug|Any CPU.Build.0 = Debug|Any CPU
		{A25EA571-C4DC-4AD1-B794-9DAA58AFC0FF}.Release|Any CPU.ActiveCfg = Release|Any CPU
		{A25EA571-C4DC-4AD1-B794-9DAA58AFC0FF}.Release|Any CPU.Build.0 = Release|Any CPU
	EndGlobalSection
	GlobalSection(SolutionProperties) = preSolution
		HideSolutionNode = FALSE
	EndGlobalSection
	GlobalSection(NestedProjects) = preSolution
		{57680205-C123-4751-A942-CFE3B898BF13} = {3967C76E-CDAA-44C6-9112-4BF6ED671E77}
		{DD95B409-4DB0-4C68-ABC5-B01203554DA6} = {81A6273C-34C7-4316-B39E-B4ED960EA2EA}
		{749F9088-9601-48B4-B6FD-A6FE974BCFAD} = {81A6273C-34C7-4316-B39E-B4ED960EA2EA}
		{94C35DEA-B7F2-40C9-BAF4-53885302F50C} = {81A6273C-34C7-4316-B39E-B4ED960EA2EA}
		{1161D622-DBE7-40B9-B8D1-A5BC75D1D059} = {81A6273C-34C7-4316-B39E-B4ED960EA2EA}
		{A25EA571-C4DC-4AD1-B794-9DAA58AFC0FF} = {81A6273C-34C7-4316-B39E-B4ED960EA2EA}
	EndGlobalSection
	GlobalSection(ExtensibilityGlobals) = postSolution
		SolutionGuid = {CA40AB1B-04B1-46D1-9EF0-74B80705EB08}
	EndGlobalSection
EndGlobal
